PODS:
  - Alamofire (1.2.0)
  - Async (1.2.0)
  - IQKeyboardManager (3.2.2)
  - Realm (0.91.1):
    - Realm/Headers (= 0.91.1)
  - Realm/Headers (0.91.1)
  - SwiftTask (3.0.0)
  - TPKeyboardAvoiding (1.2.6)

DEPENDENCIES:
  - Alamofire (~> 1.2)
  - Async (from `https://github.com/duemunk/Async.git`)
  - IQKeyboardManager
  - Realm (~> 0.91)
  - SwiftTask (~> 3.0)
  - TPKeyboardAvoiding (~> 1.2)

EXTERNAL SOURCES:
  Async:
    :git: https://github.com/duemunk/Async.git

CHECKOUT OPTIONS:
  Async:
    :commit: 2f0c5b69e3ff0e41c9391016b7855cd319000515
    :git: https://github.com/duemunk/Async.git

SPEC CHECKSUMS:
  Alamofire: d765c5c1713aa64106b0228aaa600a1e6851f68d
  Async: aba7b48a4cd05dae27d1affce2f48f2ed61e75f9
  IQKeyboardManager: 99df8006864663a4126a77b9a2f7ea70077eff31
  Realm: b9c1fd9defa26aa7276ce938a8df52ec81f24528
  SwiftTask: 2f2c0a7db83def1d1e3bad518169be3f61c603f4
  TPKeyboardAvoiding: ee4dd35e3bb7bb64bfbda47e7cc9ba872ff10f77

COCOAPODS: 0.36.3
