PODS:
  - Alamofire (1.2.1)
  - Async (1.2.0)
  - Bolts (1.1.4)
  - FBSDKCoreKit (4.0.1):
    - Bolts (~> 1.1)
    - FBSDKCoreKit/arc (= 4.0.1)
    - FBSDKCoreKit/no-arc (= 4.0.1)
  - FBSDKCoreKit/arc (4.0.1):
    - Bolts (~> 1.1)
  - FBSDKCoreKit/no-arc (4.0.1):
    - Bolts (~> 1.1)
    - FBSDKCoreKit/arc
  - FBSDKLoginKit (4.0.1):
    - FBSDKCoreKit
  - FBSDKShareKit (4.0.1):
    - FBSDKCoreKit
  - IQKeyboardManager (3.2.3)
  - Mockingjay (0.2.0):
    - Mockingjay/Core (= 0.2.0)
    - Mockingjay/Session (= 0.2.0)
    - Mockingjay/XCTest (= 0.2.0)
  - Mockingjay/Core (0.2.0):
    - URITemplate (~> 1.2)
  - Mockingjay/Session (0.2.0):
    - Mockingjay/Core
  - Mockingjay/XCTest (0.2.0):
    - Mockingjay/Core
  - Nimble (0.4.2)
  - Quick (0.3.1)
  - Realm (0.91.3):
    - Realm/Headers (= 0.91.3)
  - Realm/Headers (0.91.3)
  - SwiftTask (3.0.0)
  - SwiftyJSON (2.2.0)
  - TPKeyboardAvoiding (1.2.6)
  - URITemplate (1.2.0)

DEPENDENCIES:
  - Alamofire (~> 1.2)
  - Async (from `https://github.com/duemunk/Async.git`)
  - FBSDKCoreKit (from `https://raw.githubusercontent.com/facebook/facebook-ios-sdk/dev/FBSDKCoreKit.podspec`)
  - FBSDKLoginKit (from `https://raw.githubusercontent.com/facebook/facebook-ios-sdk/dev/FBSDKLoginKit.podspec`)
  - FBSDKShareKit (from `https://raw.githubusercontent.com/facebook/facebook-ios-sdk/dev/FBSDKShareKit.podspec`)
  - IQKeyboardManager
  - Mockingjay (~> 0.2)
  - Nimble (~> 0.4)
  - Quick (~> 0.3)
  - Realm (~> 0.91)
  - SwiftTask (~> 3.0)
  - SwiftyJSON (~> 2.2)
  - TPKeyboardAvoiding (~> 1.2)

EXTERNAL SOURCES:
  Async:
    :git: https://github.com/duemunk/Async.git
  FBSDKCoreKit:
    :branch: dev
    :podspec: https://raw.githubusercontent.com/facebook/facebook-ios-sdk/dev/FBSDKCoreKit.podspec
  FBSDKLoginKit:
    :branch: dev
    :podspec: https://raw.githubusercontent.com/facebook/facebook-ios-sdk/dev/FBSDKLoginKit.podspec
  FBSDKShareKit:
    :branch: dev
    :podspec: https://raw.githubusercontent.com/facebook/facebook-ios-sdk/dev/FBSDKShareKit.podspec

CHECKOUT OPTIONS:
  Async:
    :commit: ceb4051b248787cc860dd0e7169b1386e29345cf
    :git: https://github.com/duemunk/Async.git

SPEC CHECKSUMS:
  Alamofire: 1acfdf179aff68b41a48dff70c1ac7fa263e2bcb
  Async: aba7b48a4cd05dae27d1affce2f48f2ed61e75f9
  Bolts: f8e2f94edbf9fec7bb8de5ecaaa3aa6b7de6f64e
  FBSDKCoreKit: a69aaad8712c1de6b370c70ddd9db02eb1dcb16c
  FBSDKLoginKit: d93d2e607b6387baacc2e8da3cee3673eacbecbd
  FBSDKShareKit: 349d59da6a4d37e29d20030299089cfb0ac32a28
  IQKeyboardManager: 6ca5c54e3776eb54af4c7caf515833f3cd761d59
  Mockingjay: 8635bddf88b7c93833db67e1dc54b8ffe7efe921
  Nimble: 49b7a7da8919f42823d37c6d68cc6d15a7009f32
  Quick: 824572d3d198d51e52cf4aa722cebf7e59952a35
  Realm: 4bfdac6f0f3170a3947c7196e2e9a2e49c943719
  SwiftTask: 2f2c0a7db83def1d1e3bad518169be3f61c603f4
  SwiftyJSON: 0b3e6c07af17ff745e77e8e9984097b55c956e5c
  TPKeyboardAvoiding: ee4dd35e3bb7bb64bfbda47e7cc9ba872ff10f77
  URITemplate: 0dbf40f0e378eb9c6d04cc08e6101fb82d126dc3

COCOAPODS: 0.36.4
