// !$*UTF8*$!
{
	archiveVersion = 1;
	classes = {
	};
	objectVersion = 46;
	objects = {

/* Begin PBXBuildFile section */
		02CC348554759B886C84F4CF /* Pods.framework in Frameworks */ = {isa = PBXBuildFile; fileRef = ADCA900024AE75000598ADEA /* Pods.framework */; settings = {ATTRIBUTES = (Weak, ); }; };
		7DF1C5B7E15A961B14BB3C88 /* Pods_Starter_App.framework in Frameworks */ = {isa = PBXBuildFile; fileRef = 4A2BD6340632D1627CD855EA /* Pods_Starter_App.framework */; settings = {ATTRIBUTES = (Weak, ); }; };
		AE4FE541A71FF311A25B2F5D /* Pods_Starter_AppTests.framework in Frameworks */ = {isa = PBXBuildFile; fileRef = 9B984C20FDD80EA4518C5654 /* Pods_Starter_AppTests.framework */; settings = {ATTRIBUTES = (Weak, ); }; };
		F41E71401AD93C650005A0FE /* StartController.swift in Sources */ = {isa = PBXBuildFile; fileRef = F41E713F1AD93C650005A0FE /* StartController.swift */; };
		F41E71431AD93D0F0005A0FE /* User.swift in Sources */ = {isa = PBXBuildFile; fileRef = F41E71421AD93D0F0005A0FE /* User.swift */; };
		F41E71451AD93D8E0005A0FE /* RLMSupport.swift in Sources */ = {isa = PBXBuildFile; fileRef = F41E71441AD93D8E0005A0FE /* RLMSupport.swift */; };
		F41E71471AD93E240005A0FE /* LocalStorage.swift in Sources */ = {isa = PBXBuildFile; fileRef = F41E71461AD93E240005A0FE /* LocalStorage.swift */; };
		F41E71491AD93F8C0005A0FE /* HomeController.swift in Sources */ = {isa = PBXBuildFile; fileRef = F41E71481AD93F8C0005A0FE /* HomeController.swift */; };
		F41E714B1AD952B70005A0FE /* SharedMemory.swift in Sources */ = {isa = PBXBuildFile; fileRef = F41E714A1AD952B70005A0FE /* SharedMemory.swift */; };
		F44C26581AD7BAC9003BD6B1 /* KeyboardNotification.swift in Sources */ = {isa = PBXBuildFile; fileRef = F44C26571AD7BAC9003BD6B1 /* KeyboardNotification.swift */; };
		F45EFCD31AE0CB05006BF2DB /* Http.swift in Sources */ = {isa = PBXBuildFile; fileRef = F45EFCD21AE0CB05006BF2DB /* Http.swift */; };
		F46479CF1AE2A36E00CC1F39 /* AsyncTask.swift in Sources */ = {isa = PBXBuildFile; fileRef = F46479CE1AE2A36E00CC1F39 /* AsyncTask.swift */; };
		F46DA01C1AD3EA9D0088E2DB /* Api.swift in Sources */ = {isa = PBXBuildFile; fileRef = F46DA01B1AD3EA9D0088E2DB /* Api.swift */; };
		F47E757C1AD27DD80047C968 /* LoginController.swift in Sources */ = {isa = PBXBuildFile; fileRef = F47E757B1AD27DD80047C968 /* LoginController.swift */; };
		F48646231ADFAB4D00A89FD8 /* FirstCustomSegue.swift in Sources */ = {isa = PBXBuildFile; fileRef = F48646211ADFAB4D00A89FD8 /* FirstCustomSegue.swift */; };
		F48646241ADFAB4D00A89FD8 /* SecondCustomSegue.swift in Sources */ = {isa = PBXBuildFile; fileRef = F48646221ADFAB4D00A89FD8 /* SecondCustomSegue.swift */; };
		F48646261ADFAB7500A89FD8 /* SecondCustomSegueUnwind.swift in Sources */ = {isa = PBXBuildFile; fileRef = F48646251ADFAB7500A89FD8 /* SecondCustomSegueUnwind.swift */; };
		F48646291ADFB15E00A89FD8 /* LocalStorageTaskTests.swift in Sources */ = {isa = PBXBuildFile; fileRef = F48646281ADFB15E00A89FD8 /* LocalStorageTaskTests.swift */; };
		F486462C1ADFF1EB00A89FD8 /* ExclusiveUIButton.swift in Sources */ = {isa = PBXBuildFile; fileRef = F486462B1ADFF1EB00A89FD8 /* ExclusiveUIButton.swift */; };
		F491E1C51AD2577F0087377E /* AppDelegate.swift in Sources */ = {isa = PBXBuildFile; fileRef = F491E1C41AD2577F0087377E /* AppDelegate.swift */; };
		F491E1C71AD2577F0087377E /* ViewController.swift in Sources */ = {isa = PBXBuildFile; fileRef = F491E1C61AD2577F0087377E /* ViewController.swift */; };
		F491E1CA1AD2577F0087377E /* Main.storyboard in Resources */ = {isa = PBXBuildFile; fileRef = F491E1C81AD2577F0087377E /* Main.storyboard */; };
		F491E1CC1AD2577F0087377E /* Images.xcassets in Resources */ = {isa = PBXBuildFile; fileRef = F491E1CB1AD2577F0087377E /* Images.xcassets */; };
		F491E1CF1AD2577F0087377E /* LaunchScreen.xib in Resources */ = {isa = PBXBuildFile; fileRef = F491E1CD1AD2577F0087377E /* LaunchScreen.xib */; };
		F491E1DB1AD2577F0087377E /* Starter_AppTests.swift in Sources */ = {isa = PBXBuildFile; fileRef = F491E1DA1AD2577F0087377E /* Starter_AppTests.swift */; };
		F49981FF1ADA7E1A001D6796 /* LocalStorageTask.swift in Sources */ = {isa = PBXBuildFile; fileRef = F49981FE1ADA7E1A001D6796 /* LocalStorageTask.swift */; };
		F49982021ADA8550001D6796 /* TokenApi.swift in Sources */ = {isa = PBXBuildFile; fileRef = F49982011ADA8550001D6796 /* TokenApi.swift */; };
		F4A9D24A1ADD271F001C83AE /* RegisterController.swift in Sources */ = {isa = PBXBuildFile; fileRef = F4A9D2491ADD271F001C83AE /* RegisterController.swift */; };
/* End PBXBuildFile section */

/* Begin PBXContainerItemProxy section */
		F491E1D51AD2577F0087377E /* PBXContainerItemProxy */ = {
			isa = PBXContainerItemProxy;
			containerPortal = F491E1B71AD2577E0087377E /* Project object */;
			proxyType = 1;
			remoteGlobalIDString = F491E1BE1AD2577E0087377E;
			remoteInfo = "Starter App";
		};
/* End PBXContainerItemProxy section */

/* Begin PBXFileReference section */
		1BF5F87B814EB21D75A92222 /* Pods-Starter App.release.xcconfig */ = {isa = PBXFileReference; includeInIndex = 1; lastKnownFileType = text.xcconfig; name = "Pods-Starter App.release.xcconfig"; path = "Pods/Target Support Files/Pods-Starter App/Pods-Starter App.release.xcconfig"; sourceTree = "<group>"; };
		4A2BD6340632D1627CD855EA /* Pods_Starter_App.framework */ = {isa = PBXFileReference; explicitFileType = wrapper.framework; includeInIndex = 0; path = Pods_Starter_App.framework; sourceTree = BUILT_PRODUCTS_DIR; };
		6CA3CCF22E4D90052E98226D /* Pods-Starter App.debug.xcconfig */ = {isa = PBXFileReference; includeInIndex = 1; lastKnownFileType = text.xcconfig; name = "Pods-Starter App.debug.xcconfig"; path = "Pods/Target Support Files/Pods-Starter App/Pods-Starter App.debug.xcconfig"; sourceTree = "<group>"; };
		9B984C20FDD80EA4518C5654 /* Pods_Starter_AppTests.framework */ = {isa = PBXFileReference; explicitFileType = wrapper.framework; includeInIndex = 0; path = Pods_Starter_AppTests.framework; sourceTree = BUILT_PRODUCTS_DIR; };
		A16E4DEA4551069628BE9EE5 /* Pods-Starter AppTests.debug.xcconfig */ = {isa = PBXFileReference; includeInIndex = 1; lastKnownFileType = text.xcconfig; name = "Pods-Starter AppTests.debug.xcconfig"; path = "Pods/Target Support Files/Pods-Starter AppTests/Pods-Starter AppTests.debug.xcconfig"; sourceTree = "<group>"; };
		ADCA900024AE75000598ADEA /* Pods.framework */ = {isa = PBXFileReference; explicitFileType = wrapper.framework; includeInIndex = 0; path = Pods.framework; sourceTree = BUILT_PRODUCTS_DIR; };
		BB5F9A593FFADD818CC8671D /* Pods-Starter AppTests.release.xcconfig */ = {isa = PBXFileReference; includeInIndex = 1; lastKnownFileType = text.xcconfig; name = "Pods-Starter AppTests.release.xcconfig"; path = "Pods/Target Support Files/Pods-Starter AppTests/Pods-Starter AppTests.release.xcconfig"; sourceTree = "<group>"; };
		F41E713F1AD93C650005A0FE /* StartController.swift */ = {isa = PBXFileReference; fileEncoding = 4; lastKnownFileType = sourcecode.swift; path = StartController.swift; sourceTree = "<group>"; };
		F41E71421AD93D0F0005A0FE /* User.swift */ = {isa = PBXFileReference; fileEncoding = 4; lastKnownFileType = sourcecode.swift; path = User.swift; sourceTree = "<group>"; };
		F41E71441AD93D8E0005A0FE /* RLMSupport.swift */ = {isa = PBXFileReference; fileEncoding = 4; lastKnownFileType = sourcecode.swift; path = RLMSupport.swift; sourceTree = "<group>"; };
		F41E71461AD93E240005A0FE /* LocalStorage.swift */ = {isa = PBXFileReference; fileEncoding = 4; lastKnownFileType = sourcecode.swift; path = LocalStorage.swift; sourceTree = "<group>"; };
		F41E71481AD93F8C0005A0FE /* HomeController.swift */ = {isa = PBXFileReference; fileEncoding = 4; lastKnownFileType = sourcecode.swift; path = HomeController.swift; sourceTree = "<group>"; };
		F41E714A1AD952B70005A0FE /* SharedMemory.swift */ = {isa = PBXFileReference; fileEncoding = 4; lastKnownFileType = sourcecode.swift; path = SharedMemory.swift; sourceTree = "<group>"; };
		F44C26571AD7BAC9003BD6B1 /* KeyboardNotification.swift */ = {isa = PBXFileReference; fileEncoding = 4; lastKnownFileType = sourcecode.swift; path = KeyboardNotification.swift; sourceTree = "<group>"; };
		F45EFCD21AE0CB05006BF2DB /* Http.swift */ = {isa = PBXFileReference; fileEncoding = 4; lastKnownFileType = sourcecode.swift; path = Http.swift; sourceTree = "<group>"; };
		F46479CE1AE2A36E00CC1F39 /* AsyncTask.swift */ = {isa = PBXFileReference; fileEncoding = 4; lastKnownFileType = sourcecode.swift; path = AsyncTask.swift; sourceTree = "<group>"; };
		F46DA01B1AD3EA9D0088E2DB /* Api.swift */ = {isa = PBXFileReference; fileEncoding = 4; lastKnownFileType = sourcecode.swift; path = Api.swift; sourceTree = "<group>"; };
		F46DA0231AD3F11F0088E2DB /* Bridging-Header.h */ = {isa = PBXFileReference; lastKnownFileType = sourcecode.c.h; path = "Bridging-Header.h"; sourceTree = "<group>"; };
		F47E757B1AD27DD80047C968 /* LoginController.swift */ = {isa = PBXFileReference; fileEncoding = 4; lastKnownFileType = sourcecode.swift; path = LoginController.swift; sourceTree = "<group>"; };
		F48646211ADFAB4D00A89FD8 /* FirstCustomSegue.swift */ = {isa = PBXFileReference; fileEncoding = 4; lastKnownFileType = sourcecode.swift; path = FirstCustomSegue.swift; sourceTree = "<group>"; };
		F48646221ADFAB4D00A89FD8 /* SecondCustomSegue.swift */ = {isa = PBXFileReference; fileEncoding = 4; lastKnownFileType = sourcecode.swift; path = SecondCustomSegue.swift; sourceTree = "<group>"; };
		F48646251ADFAB7500A89FD8 /* SecondCustomSegueUnwind.swift */ = {isa = PBXFileReference; fileEncoding = 4; lastKnownFileType = sourcecode.swift; path = SecondCustomSegueUnwind.swift; sourceTree = "<group>"; };
		F48646281ADFB15E00A89FD8 /* LocalStorageTaskTests.swift */ = {isa = PBXFileReference; fileEncoding = 4; lastKnownFileType = sourcecode.swift; path = LocalStorageTaskTests.swift; sourceTree = "<group>"; };
		F486462B1ADFF1EB00A89FD8 /* ExclusiveUIButton.swift */ = {isa = PBXFileReference; fileEncoding = 4; lastKnownFileType = sourcecode.swift; path = ExclusiveUIButton.swift; sourceTree = "<group>"; };
		F491E1BF1AD2577E0087377E /* Starter App.app */ = {isa = PBXFileReference; explicitFileType = wrapper.application; includeInIndex = 0; path = "Starter App.app"; sourceTree = BUILT_PRODUCTS_DIR; };
		F491E1C31AD2577E0087377E /* Info.plist */ = {isa = PBXFileReference; lastKnownFileType = text.plist.xml; path = Info.plist; sourceTree = "<group>"; };
		F491E1C41AD2577F0087377E /* AppDelegate.swift */ = {isa = PBXFileReference; lastKnownFileType = sourcecode.swift; path = AppDelegate.swift; sourceTree = "<group>"; };
		F491E1C61AD2577F0087377E /* ViewController.swift */ = {isa = PBXFileReference; lastKnownFileType = sourcecode.swift; path = ViewController.swift; sourceTree = "<group>"; };
		F491E1C91AD2577F0087377E /* Base */ = {isa = PBXFileReference; lastKnownFileType = file.storyboard; name = Base; path = Base.lproj/Main.storyboard; sourceTree = "<group>"; };
		F491E1CB1AD2577F0087377E /* Images.xcassets */ = {isa = PBXFileReference; lastKnownFileType = folder.assetcatalog; path = Images.xcassets; sourceTree = "<group>"; };
		F491E1CE1AD2577F0087377E /* Base */ = {isa = PBXFileReference; lastKnownFileType = file.xib; name = Base; path = Base.lproj/LaunchScreen.xib; sourceTree = "<group>"; };
		F491E1D41AD2577F0087377E /* Starter AppTests.xctest */ = {isa = PBXFileReference; explicitFileType = wrapper.cfbundle; includeInIndex = 0; path = "Starter AppTests.xctest"; sourceTree = BUILT_PRODUCTS_DIR; };
		F491E1D91AD2577F0087377E /* Info.plist */ = {isa = PBXFileReference; lastKnownFileType = text.plist.xml; path = Info.plist; sourceTree = "<group>"; };
		F491E1DA1AD2577F0087377E /* Starter_AppTests.swift */ = {isa = PBXFileReference; lastKnownFileType = sourcecode.swift; path = Starter_AppTests.swift; sourceTree = "<group>"; };
		F49981FE1ADA7E1A001D6796 /* LocalStorageTask.swift */ = {isa = PBXFileReference; fileEncoding = 4; lastKnownFileType = sourcecode.swift; path = LocalStorageTask.swift; sourceTree = "<group>"; };
		F49982011ADA8550001D6796 /* TokenApi.swift */ = {isa = PBXFileReference; fileEncoding = 4; lastKnownFileType = sourcecode.swift; path = TokenApi.swift; sourceTree = "<group>"; };
		F4A9D2491ADD271F001C83AE /* RegisterController.swift */ = {isa = PBXFileReference; fileEncoding = 4; lastKnownFileType = sourcecode.swift; path = RegisterController.swift; sourceTree = "<group>"; };
/* End PBXFileReference section */

/* Begin PBXFrameworksBuildPhase section */
		F491E1BC1AD2577E0087377E /* Frameworks */ = {
			isa = PBXFrameworksBuildPhase;
			buildActionMask = 2147483647;
			files = (
				02CC348554759B886C84F4CF /* Pods.framework in Frameworks */,
				7DF1C5B7E15A961B14BB3C88 /* Pods_Starter_App.framework in Frameworks */,
			);
			runOnlyForDeploymentPostprocessing = 0;
		};
		F491E1D11AD2577F0087377E /* Frameworks */ = {
			isa = PBXFrameworksBuildPhase;
			buildActionMask = 2147483647;
			files = (
				AE4FE541A71FF311A25B2F5D /* Pods_Starter_AppTests.framework in Frameworks */,
			);
			runOnlyForDeploymentPostprocessing = 0;
		};
/* End PBXFrameworksBuildPhase section */

/* Begin PBXGroup section */
		6FAC5F7075EE0B117EC497C1 /* Frameworks */ = {
			isa = PBXGroup;
			children = (
				ADCA900024AE75000598ADEA /* Pods.framework */,
				4A2BD6340632D1627CD855EA /* Pods_Starter_App.framework */,
				9B984C20FDD80EA4518C5654 /* Pods_Starter_AppTests.framework */,
			);
			name = Frameworks;
			sourceTree = "<group>";
		};
		D8021354AB457A897C2F4ED2 /* Pods */ = {
			isa = PBXGroup;
			children = (
				6CA3CCF22E4D90052E98226D /* Pods-Starter App.debug.xcconfig */,
				1BF5F87B814EB21D75A92222 /* Pods-Starter App.release.xcconfig */,
				A16E4DEA4551069628BE9EE5 /* Pods-Starter AppTests.debug.xcconfig */,
				BB5F9A593FFADD818CC8671D /* Pods-Starter AppTests.release.xcconfig */,
			);
			name = Pods;
			sourceTree = "<group>";
		};
		F41E713D1AD93C180005A0FE /* Controllers */ = {
			isa = PBXGroup;
			children = (
				F47E757B1AD27DD80047C968 /* LoginController.swift */,
				F491E1C61AD2577F0087377E /* ViewController.swift */,
				F41E713F1AD93C650005A0FE /* StartController.swift */,
				F41E71481AD93F8C0005A0FE /* HomeController.swift */,
				F4A9D2491ADD271F001C83AE /* RegisterController.swift */,
			);
			name = Controllers;
			sourceTree = "<group>";
		};
		F41E713E1AD93C390005A0FE /* Utils */ = {
			isa = PBXGroup;
			children = (
				F41E71441AD93D8E0005A0FE /* RLMSupport.swift */,
				F46DA01B1AD3EA9D0088E2DB /* Api.swift */,
				F44C26571AD7BAC9003BD6B1 /* KeyboardNotification.swift */,
				F41E714A1AD952B70005A0FE /* SharedMemory.swift */,
				F46479CE1AE2A36E00CC1F39 /* AsyncTask.swift */,
			);
			name = Utils;
			sourceTree = "<group>";
		};
		F41E71411AD93CFD0005A0FE /* Models */ = {
			isa = PBXGroup;
			children = (
				F41E71421AD93D0F0005A0FE /* User.swift */,
				F41E71461AD93E240005A0FE /* LocalStorage.swift */,
			);
			name = Models;
			sourceTree = "<group>";
		};
		F45EFCD11AE0CAF3006BF2DB /* Utils */ = {
			isa = PBXGroup;
			children = (
				F45EFCD21AE0CB05006BF2DB /* Http.swift */,
			);
			name = Utils;
			sourceTree = "<group>";
		};
		F48646201ADFAB1200A89FD8 /* Segues */ = {
			isa = PBXGroup;
			children = (
				F48646211ADFAB4D00A89FD8 /* FirstCustomSegue.swift */,
				F48646221ADFAB4D00A89FD8 /* SecondCustomSegue.swift */,
				F48646251ADFAB7500A89FD8 /* SecondCustomSegueUnwind.swift */,
			);
			name = Segues;
			sourceTree = "<group>";
		};
		F48646271ADFB14300A89FD8 /* Tasks */ = {
			isa = PBXGroup;
			children = (
				F48646281ADFB15E00A89FD8 /* LocalStorageTaskTests.swift */,
			);
			name = Tasks;
			sourceTree = "<group>";
		};
		F486462A1ADFF1C800A89FD8 /* UI */ = {
			isa = PBXGroup;
			children = (
				F486462B1ADFF1EB00A89FD8 /* ExclusiveUIButton.swift */,
			);
			name = UI;
			sourceTree = "<group>";
		};
		F491E1B61AD2577E0087377E = {
			isa = PBXGroup;
			children = (
				F46DA0231AD3F11F0088E2DB /* Bridging-Header.h */,
				F491E1C11AD2577E0087377E /* Starter App */,
				F491E1D71AD2577F0087377E /* Starter AppTests */,
				F491E1C01AD2577E0087377E /* Products */,
				6FAC5F7075EE0B117EC497C1 /* Frameworks */,
				D8021354AB457A897C2F4ED2 /* Pods */,
			);
			sourceTree = "<group>";
		};
		F491E1C01AD2577E0087377E /* Products */ = {
			isa = PBXGroup;
			children = (
				F491E1BF1AD2577E0087377E /* Starter App.app */,
				F491E1D41AD2577F0087377E /* Starter AppTests.xctest */,
			);
			name = Products;
			sourceTree = "<group>";
		};
		F491E1C11AD2577E0087377E /* Starter App */ = {
			isa = PBXGroup;
			children = (
				F486462A1ADFF1C800A89FD8 /* UI */,
				F48646201ADFAB1200A89FD8 /* Segues */,
				F49982001ADA8535001D6796 /* Api */,
				F49981FD1ADA7B55001D6796 /* Tasks */,
				F41E71411AD93CFD0005A0FE /* Models */,
				F41E713E1AD93C390005A0FE /* Utils */,
				F41E713D1AD93C180005A0FE /* Controllers */,
				F491E1C41AD2577F0087377E /* AppDelegate.swift */,
				F491E1C81AD2577F0087377E /* Main.storyboard */,
				F491E1CB1AD2577F0087377E /* Images.xcassets */,
				F491E1CD1AD2577F0087377E /* LaunchScreen.xib */,
				F491E1C21AD2577E0087377E /* Supporting Files */,
			);
			path = "Starter App";
			sourceTree = "<group>";
		};
		F491E1C21AD2577E0087377E /* Supporting Files */ = {
			isa = PBXGroup;
			children = (
				F491E1C31AD2577E0087377E /* Info.plist */,
			);
			name = "Supporting Files";
			sourceTree = "<group>";
		};
		F491E1D71AD2577F0087377E /* Starter AppTests */ = {
			isa = PBXGroup;
			children = (
				F45EFCD11AE0CAF3006BF2DB /* Utils */,
				F48646271ADFB14300A89FD8 /* Tasks */,
				F491E1DA1AD2577F0087377E /* Starter_AppTests.swift */,
				F491E1D81AD2577F0087377E /* Supporting Files */,
			);
			path = "Starter AppTests";
			sourceTree = "<group>";
		};
		F491E1D81AD2577F0087377E /* Supporting Files */ = {
			isa = PBXGroup;
			children = (
				F491E1D91AD2577F0087377E /* Info.plist */,
			);
			name = "Supporting Files";
			sourceTree = "<group>";
		};
		F49981FD1ADA7B55001D6796 /* Tasks */ = {
			isa = PBXGroup;
			children = (
				F49981FE1ADA7E1A001D6796 /* LocalStorageTask.swift */,
			);
			name = Tasks;
			sourceTree = "<group>";
		};
		F49982001ADA8535001D6796 /* Api */ = {
			isa = PBXGroup;
			children = (
				F49982011ADA8550001D6796 /* TokenApi.swift */,
			);
			name = Api;
			sourceTree = "<group>";
		};
/* End PBXGroup section */

/* Begin PBXNativeTarget section */
		F491E1BE1AD2577E0087377E /* Starter App */ = {
			isa = PBXNativeTarget;
			buildConfigurationList = F491E1DE1AD2577F0087377E /* Build configuration list for PBXNativeTarget "Starter App" */;
			buildPhases = (
				DEE363AE0844515976650C2B /* Check Pods Manifest.lock */,
				F491E1BB1AD2577E0087377E /* Sources */,
				F491E1BC1AD2577E0087377E /* Frameworks */,
				F491E1BD1AD2577E0087377E /* Resources */,
				44B9650E1D9300C31BCEBEA9 /* Embed Pods Frameworks */,
				77A9F06F2E432A02FCA0B794 /* Copy Pods Resources */,
			);
			buildRules = (
			);
			dependencies = (
			);
			name = "Starter App";
			productName = "Starter App";
			productReference = F491E1BF1AD2577E0087377E /* Starter App.app */;
			productType = "com.apple.product-type.application";
		};
		F491E1D31AD2577F0087377E /* Starter AppTests */ = {
			isa = PBXNativeTarget;
			buildConfigurationList = F491E1E11AD2577F0087377E /* Build configuration list for PBXNativeTarget "Starter AppTests" */;
			buildPhases = (
				BFFD1085D3A837AB81C18AC8 /* Check Pods Manifest.lock */,
				F491E1D01AD2577F0087377E /* Sources */,
				F491E1D11AD2577F0087377E /* Frameworks */,
				F491E1D21AD2577F0087377E /* Resources */,
				BFE37C3E0F6875E8712B5335 /* Embed Pods Frameworks */,
				9E179940452A5C94D5DD5F53 /* Copy Pods Resources */,
			);
			buildRules = (
			);
			dependencies = (
				F491E1D61AD2577F0087377E /* PBXTargetDependency */,
			);
			name = "Starter AppTests";
			productName = "Starter AppTests";
			productReference = F491E1D41AD2577F0087377E /* Starter AppTests.xctest */;
			productType = "com.apple.product-type.bundle.unit-test";
		};
/* End PBXNativeTarget section */

/* Begin PBXProject section */
		F491E1B71AD2577E0087377E /* Project object */ = {
			isa = PBXProject;
			attributes = {
				LastUpgradeCheck = 0620;
				ORGANIZATIONNAME = Comentum;
				TargetAttributes = {
					F491E1BE1AD2577E0087377E = {
						CreatedOnToolsVersion = 6.2;
					};
					F491E1D31AD2577F0087377E = {
						CreatedOnToolsVersion = 6.2;
						TestTargetID = F491E1BE1AD2577E0087377E;
					};
				};
			};
			buildConfigurationList = F491E1BA1AD2577E0087377E /* Build configuration list for PBXProject "Starter App" */;
			compatibilityVersion = "Xcode 3.2";
			developmentRegion = English;
			hasScannedForEncodings = 0;
			knownRegions = (
				en,
				Base,
			);
			mainGroup = F491E1B61AD2577E0087377E;
			productRefGroup = F491E1C01AD2577E0087377E /* Products */;
			projectDirPath = "";
			projectRoot = "";
			targets = (
				F491E1BE1AD2577E0087377E /* Starter App */,
				F491E1D31AD2577F0087377E /* Starter AppTests */,
			);
		};
/* End PBXProject section */

/* Begin PBXResourcesBuildPhase section */
		F491E1BD1AD2577E0087377E /* Resources */ = {
			isa = PBXResourcesBuildPhase;
			buildActionMask = 2147483647;
			files = (
				F491E1CA1AD2577F0087377E /* Main.storyboard in Resources */,
				F491E1CF1AD2577F0087377E /* LaunchScreen.xib in Resources */,
				F491E1CC1AD2577F0087377E /* Images.xcassets in Resources */,
			);
			runOnlyForDeploymentPostprocessing = 0;
		};
		F491E1D21AD2577F0087377E /* Resources */ = {
			isa = PBXResourcesBuildPhase;
			buildActionMask = 2147483647;
			files = (
			);
			runOnlyForDeploymentPostprocessing = 0;
		};
/* End PBXResourcesBuildPhase section */

/* Begin PBXShellScriptBuildPhase section */
		44B9650E1D9300C31BCEBEA9 /* Embed Pods Frameworks */ = {
			isa = PBXShellScriptBuildPhase;
			buildActionMask = 2147483647;
			files = (
			);
			inputPaths = (
			);
			name = "Embed Pods Frameworks";
			outputPaths = (
			);
			runOnlyForDeploymentPostprocessing = 0;
			shellPath = /bin/sh;
			shellScript = "\"${SRCROOT}/Pods/Target Support Files/Pods-Starter App/Pods-Starter App-frameworks.sh\"\n";
			showEnvVarsInLog = 0;
		};
		77A9F06F2E432A02FCA0B794 /* Copy Pods Resources */ = {
			isa = PBXShellScriptBuildPhase;
			buildActionMask = 2147483647;
			files = (
			);
			inputPaths = (
			);
			name = "Copy Pods Resources";
			outputPaths = (
			);
			runOnlyForDeploymentPostprocessing = 0;
			shellPath = /bin/sh;
			shellScript = "\"${SRCROOT}/Pods/Target Support Files/Pods-Starter App/Pods-Starter App-resources.sh\"\n";
			showEnvVarsInLog = 0;
		};
		9E179940452A5C94D5DD5F53 /* Copy Pods Resources */ = {
			isa = PBXShellScriptBuildPhase;
			buildActionMask = 2147483647;
			files = (
			);
			inputPaths = (
			);
			name = "Copy Pods Resources";
			outputPaths = (
			);
			runOnlyForDeploymentPostprocessing = 0;
			shellPath = /bin/sh;
			shellScript = "\"${SRCROOT}/Pods/Target Support Files/Pods-Starter AppTests/Pods-Starter AppTests-resources.sh\"\n";
			showEnvVarsInLog = 0;
		};
		BFE37C3E0F6875E8712B5335 /* Embed Pods Frameworks */ = {
			isa = PBXShellScriptBuildPhase;
			buildActionMask = 2147483647;
			files = (
			);
			inputPaths = (
			);
			name = "Embed Pods Frameworks";
			outputPaths = (
			);
			runOnlyForDeploymentPostprocessing = 0;
			shellPath = /bin/sh;
			shellScript = "\"${SRCROOT}/Pods/Target Support Files/Pods-Starter AppTests/Pods-Starter AppTests-frameworks.sh\"\n";
			showEnvVarsInLog = 0;
		};
		BFFD1085D3A837AB81C18AC8 /* Check Pods Manifest.lock */ = {
			isa = PBXShellScriptBuildPhase;
			buildActionMask = 2147483647;
			files = (
			);
			inputPaths = (
			);
			name = "Check Pods Manifest.lock";
			outputPaths = (
			);
			runOnlyForDeploymentPostprocessing = 0;
			shellPath = /bin/sh;
			shellScript = "diff \"${PODS_ROOT}/../Podfile.lock\" \"${PODS_ROOT}/Manifest.lock\" > /dev/null\nif [[ $? != 0 ]] ; then\n    cat << EOM\nerror: The sandbox is not in sync with the Podfile.lock. Run 'pod install' or update your CocoaPods installation.\nEOM\n    exit 1\nfi\n";
			showEnvVarsInLog = 0;
		};
		DEE363AE0844515976650C2B /* Check Pods Manifest.lock */ = {
			isa = PBXShellScriptBuildPhase;
			buildActionMask = 2147483647;
			files = (
			);
			inputPaths = (
			);
			name = "Check Pods Manifest.lock";
			outputPaths = (
			);
			runOnlyForDeploymentPostprocessing = 0;
			shellPath = /bin/sh;
			shellScript = "diff \"${PODS_ROOT}/../Podfile.lock\" \"${PODS_ROOT}/Manifest.lock\" > /dev/null\nif [[ $? != 0 ]] ; then\n    cat << EOM\nerror: The sandbox is not in sync with the Podfile.lock. Run 'pod install' or update your CocoaPods installation.\nEOM\n    exit 1\nfi\n";
			showEnvVarsInLog = 0;
		};
/* End PBXShellScriptBuildPhase section */

/* Begin PBXSourcesBuildPhase section */
		F491E1BB1AD2577E0087377E /* Sources */ = {
			isa = PBXSourcesBuildPhase;
			buildActionMask = 2147483647;
			files = (
				F491E1C71AD2577F0087377E /* ViewController.swift in Sources */,
				F41E71471AD93E240005A0FE /* LocalStorage.swift in Sources */,
				F46479CF1AE2A36E00CC1F39 /* AsyncTask.swift in Sources */,
				F41E71451AD93D8E0005A0FE /* RLMSupport.swift in Sources */,
				F47E757C1AD27DD80047C968 /* LoginController.swift in Sources */,
				F41E71491AD93F8C0005A0FE /* HomeController.swift in Sources */,
				F44C26581AD7BAC9003BD6B1 /* KeyboardNotification.swift in Sources */,
				F41E714B1AD952B70005A0FE /* SharedMemory.swift in Sources */,
				F486462C1ADFF1EB00A89FD8 /* ExclusiveUIButton.swift in Sources */,
				F41E71431AD93D0F0005A0FE /* User.swift in Sources */,
				F49982021ADA8550001D6796 /* TokenApi.swift in Sources */,
				F49981FF1ADA7E1A001D6796 /* LocalStorageTask.swift in Sources */,
				F4A9D24A1ADD271F001C83AE /* RegisterController.swift in Sources */,
				F46DA01C1AD3EA9D0088E2DB /* Api.swift in Sources */,
				F48646241ADFAB4D00A89FD8 /* SecondCustomSegue.swift in Sources */,
				F41E71401AD93C650005A0FE /* StartController.swift in Sources */,
				F48646231ADFAB4D00A89FD8 /* FirstCustomSegue.swift in Sources */,
				F491E1C51AD2577F0087377E /* AppDelegate.swift in Sources */,
				F48646261ADFAB7500A89FD8 /* SecondCustomSegueUnwind.swift in Sources */,
			);
			runOnlyForDeploymentPostprocessing = 0;
		};
		F491E1D01AD2577F0087377E /* Sources */ = {
			isa = PBXSourcesBuildPhase;
			buildActionMask = 2147483647;
			files = (
				F491E1DB1AD2577F0087377E /* Starter_AppTests.swift in Sources */,
				F48646291ADFB15E00A89FD8 /* LocalStorageTaskTests.swift in Sources */,
				F45EFCD31AE0CB05006BF2DB /* Http.swift in Sources */,
			);
			runOnlyForDeploymentPostprocessing = 0;
		};
/* End PBXSourcesBuildPhase section */

/* Begin PBXTargetDependency section */
		F491E1D61AD2577F0087377E /* PBXTargetDependency */ = {
			isa = PBXTargetDependency;
			target = F491E1BE1AD2577E0087377E /* Starter App */;
			targetProxy = F491E1D51AD2577F0087377E /* PBXContainerItemProxy */;
		};
/* End PBXTargetDependency section */

/* Begin PBXVariantGroup section */
		F491E1C81AD2577F0087377E /* Main.storyboard */ = {
			isa = PBXVariantGroup;
			children = (
				F491E1C91AD2577F0087377E /* Base */,
			);
			name = Main.storyboard;
			sourceTree = "<group>";
		};
		F491E1CD1AD2577F0087377E /* LaunchScreen.xib */ = {
			isa = PBXVariantGroup;
			children = (
				F491E1CE1AD2577F0087377E /* Base */,
			);
			name = LaunchScreen.xib;
			sourceTree = "<group>";
		};
/* End PBXVariantGroup section */

/* Begin XCBuildConfiguration section */
		F491E1DC1AD2577F0087377E /* Debug */ = {
			isa = XCBuildConfiguration;
			buildSettings = {
				ALWAYS_SEARCH_USER_PATHS = NO;
				CLANG_CXX_LANGUAGE_STANDARD = "gnu++0x";
				CLANG_CXX_LIBRARY = "libc++";
				CLANG_ENABLE_MODULES = YES;
				CLANG_ENABLE_OBJC_ARC = YES;
				CLANG_WARN_BOOL_CONVERSION = YES;
				CLANG_WARN_CONSTANT_CONVERSION = YES;
				CLANG_WARN_DIRECT_OBJC_ISA_USAGE = YES_ERROR;
				CLANG_WARN_EMPTY_BODY = YES;
				CLANG_WARN_ENUM_CONVERSION = YES;
				CLANG_WARN_INT_CONVERSION = YES;
				CLANG_WARN_OBJC_ROOT_CLASS = YES_ERROR;
				CLANG_WARN_UNREACHABLE_CODE = YES;
				CLANG_WARN__DUPLICATE_METHOD_MATCH = YES;
				"CODE_SIGN_IDENTITY[sdk=iphoneos*]" = "iPhone Developer";
				COPY_PHASE_STRIP = NO;
				ENABLE_STRICT_OBJC_MSGSEND = YES;
				GCC_C_LANGUAGE_STANDARD = gnu99;
				GCC_DYNAMIC_NO_PIC = NO;
				GCC_OPTIMIZATION_LEVEL = 0;
				GCC_PREPROCESSOR_DEFINITIONS = (
					"DEBUG=1",
					"$(inherited)",
				);
				GCC_SYMBOLS_PRIVATE_EXTERN = NO;
				GCC_WARN_64_TO_32_BIT_CONVERSION = YES;
				GCC_WARN_ABOUT_RETURN_TYPE = YES_ERROR;
				GCC_WARN_UNDECLARED_SELECTOR = YES;
				GCC_WARN_UNINITIALIZED_AUTOS = YES_AGGRESSIVE;
				GCC_WARN_UNUSED_FUNCTION = YES;
				GCC_WARN_UNUSED_VARIABLE = YES;
				IPHONEOS_DEPLOYMENT_TARGET = 8.0;
				MTL_ENABLE_DEBUG_INFO = YES;
				ONLY_ACTIVE_ARCH = YES;
				SDKROOT = iphoneos;
				SWIFT_OPTIMIZATION_LEVEL = "-Onone";
				TARGETED_DEVICE_FAMILY = "1,2";
			};
			name = Debug;
		};
		F491E1DD1AD2577F0087377E /* Release */ = {
			isa = XCBuildConfiguration;
			buildSettings = {
				ALWAYS_SEARCH_USER_PATHS = NO;
				CLANG_CXX_LANGUAGE_STANDARD = "gnu++0x";
				CLANG_CXX_LIBRARY = "libc++";
				CLANG_ENABLE_MODULES = YES;
				CLANG_ENABLE_OBJC_ARC = YES;
				CLANG_WARN_BOOL_CONVERSION = YES;
				CLANG_WARN_CONSTANT_CONVERSION = YES;
				CLANG_WARN_DIRECT_OBJC_ISA_USAGE = YES_ERROR;
				CLANG_WARN_EMPTY_BODY = YES;
				CLANG_WARN_ENUM_CONVERSION = YES;
				CLANG_WARN_INT_CONVERSION = YES;
				CLANG_WARN_OBJC_ROOT_CLASS = YES_ERROR;
				CLANG_WARN_UNREACHABLE_CODE = YES;
				CLANG_WARN__DUPLICATE_METHOD_MATCH = YES;
				"CODE_SIGN_IDENTITY[sdk=iphoneos*]" = "iPhone Developer";
				COPY_PHASE_STRIP = NO;
				ENABLE_NS_ASSERTIONS = NO;
				ENABLE_STRICT_OBJC_MSGSEND = YES;
				GCC_C_LANGUAGE_STANDARD = gnu99;
				GCC_WARN_64_TO_32_BIT_CONVERSION = YES;
				GCC_WARN_ABOUT_RETURN_TYPE = YES_ERROR;
				GCC_WARN_UNDECLARED_SELECTOR = YES;
				GCC_WARN_UNINITIALIZED_AUTOS = YES_AGGRESSIVE;
				GCC_WARN_UNUSED_FUNCTION = YES;
				GCC_WARN_UNUSED_VARIABLE = YES;
				IPHONEOS_DEPLOYMENT_TARGET = 8.0;
				MTL_ENABLE_DEBUG_INFO = NO;
				SDKROOT = iphoneos;
				TARGETED_DEVICE_FAMILY = "1,2";
				VALIDATE_PRODUCT = YES;
			};
			name = Release;
		};
		F491E1DF1AD2577F0087377E /* Debug */ = {
			isa = XCBuildConfiguration;
			baseConfigurationReference = 6CA3CCF22E4D90052E98226D /* Pods-Starter App.debug.xcconfig */;
			buildSettings = {
				ASSETCATALOG_COMPILER_APPICON_NAME = AppIcon;
				FRAMEWORK_SEARCH_PATHS = "$(inherited)";
				INFOPLIST_FILE = "Starter App/Info.plist";
				LD_RUNPATH_SEARCH_PATHS = "$(inherited) @executable_path/Frameworks";
				PRODUCT_NAME = "$(TARGET_NAME)";
				SWIFT_OBJC_BRIDGING_HEADER = "Bridging-Header.h";
			};
			name = Debug;
		};
		F491E1E01AD2577F0087377E /* Release */ = {
			isa = XCBuildConfiguration;
			baseConfigurationReference = 1BF5F87B814EB21D75A92222 /* Pods-Starter App.release.xcconfig */;
			buildSettings = {
				ASSETCATALOG_COMPILER_APPICON_NAME = AppIcon;
				FRAMEWORK_SEARCH_PATHS = "$(inherited)";
				INFOPLIST_FILE = "Starter App/Info.plist";
				LD_RUNPATH_SEARCH_PATHS = "$(inherited) @executable_path/Frameworks";
				PRODUCT_NAME = "$(TARGET_NAME)";
				SWIFT_OBJC_BRIDGING_HEADER = "Bridging-Header.h";
			};
			name = Release;
		};
		F491E1E21AD2577F0087377E /* Debug */ = {
			isa = XCBuildConfiguration;
			baseConfigurationReference = A16E4DEA4551069628BE9EE5 /* Pods-Starter AppTests.debug.xcconfig */;
			buildSettings = {
				BUNDLE_LOADER = "$(TEST_HOST)";
				FRAMEWORK_SEARCH_PATHS = (
					"$(SDKROOT)/Developer/Library/Frameworks",
					"$(inherited)",
				);
				GCC_PREPROCESSOR_DEFINITIONS = (
					"DEBUG=1",
					"$(inherited)",
				);
				INFOPLIST_FILE = "Starter AppTests/Info.plist";
				LD_RUNPATH_SEARCH_PATHS = "$(inherited) @executable_path/Frameworks @loader_path/Frameworks";
				PRODUCT_NAME = "$(TARGET_NAME)";
				TEST_HOST = "$(BUILT_PRODUCTS_DIR)/Starter App.app/Starter App";
			};
			name = Debug;
		};
		F491E1E31AD2577F0087377E /* Release */ = {
			isa = XCBuildConfiguration;
			baseConfigurationReference = BB5F9A593FFADD818CC8671D /* Pods-Starter AppTests.release.xcconfig */;
			buildSettings = {
				BUNDLE_LOADER = "$(TEST_HOST)";
				FRAMEWORK_SEARCH_PATHS = (
					"$(SDKROOT)/Developer/Library/Frameworks",
					"$(inherited)",
				);
				INFOPLIST_FILE = "Starter AppTests/Info.plist";
				LD_RUNPATH_SEARCH_PATHS = "$(inherited) @executable_path/Frameworks @loader_path/Frameworks";
				PRODUCT_NAME = "$(TARGET_NAME)";
				TEST_HOST = "$(BUILT_PRODUCTS_DIR)/Starter App.app/Starter App";
			};
			name = Release;
		};
/* End XCBuildConfiguration section */

/* Begin XCConfigurationList section */
		F491E1BA1AD2577E0087377E /* Build configuration list for PBXProject "Starter App" */ = {
			isa = XCConfigurationList;
			buildConfigurations = (
				F491E1DC1AD2577F0087377E /* Debug */,
				F491E1DD1AD2577F0087377E /* Release */,
			);
			defaultConfigurationIsVisible = 0;
			defaultConfigurationName = Release;
		};
		F491E1DE1AD2577F0087377E /* Build configuration list for PBXNativeTarget "Starter App" */ = {
			isa = XCConfigurationList;
			buildConfigurations = (
				F491E1DF1AD2577F0087377E /* Debug */,
				F491E1E01AD2577F0087377E /* Release */,
			);
			defaultConfigurationIsVisible = 0;
			defaultConfigurationName = Release;
		};
		F491E1E11AD2577F0087377E /* Build configuration list for PBXNativeTarget "Starter AppTests" */ = {
			isa = XCConfigurationList;
			buildConfigurations = (
				F491E1E21AD2577F0087377E /* Debug */,
				F491E1E31AD2577F0087377E /* Release */,
			);
			defaultConfigurationIsVisible = 0;
			defaultConfigurationName = Release;
		};
/* End XCConfigurationList section */
	};
	rootObject = F491E1B71AD2577E0087377E /* Project object */;
}
